
Microsoft Visual Studio Solution File, Format Version 12.00
# Visual Studio Version 17
VisualStudioVersion = 17.4.33213.308
MinimumVisualStudioVersion = 10.0.40219.1
Project("{FAE04EC0-301F-11D3-BF4B-00C04F79EFBC}") = "RestfulApi", "RestfulApi.csproj", "{83FE5A8F-11D9-4693-8315-78D24F9703AF}"
EndProject
Global
	GlobalSection(SolutionConfigurationPlatforms) = preSolution
		Debug|Any CPU = Debug|Any CPU
		Release|Any CPU = Release|Any CPU
	EndGlobalSection
	GlobalSection(ProjectConfigurationPlatforms) = postSolution
		{83FE5A8F-11D9-4693-8315-78D24F9703AF}.Debug|Any CPU.ActiveCfg = Debug|Any CPU
		{83FE5A8F-11D9-4693-8315-78D24F9703AF}.Debug|Any CPU.Build.0 = Debug|Any CPU
		{83FE5A8F-11D9-4693-8315-78D24F9703AF}.Release|Any CPU.ActiveCfg = Release|Any CPU
		{83FE5A8F-11D9-4693-8315-78D24F9703AF}.Release|Any CPU.Build.0 = Release|Any CPU
	EndGlobalSection
	GlobalSection(SolutionProperties) = preSolution
		HideSolutionNode = FALSE
	EndGlobalSection
	GlobalSection(ExtensibilityGlobals) = postSolution
		SolutionGuid = {83788B65-1C7A-429C-8525-396C68E4E1C4}
	EndGlobalSection
EndGlobal
